// !$*UTF8*$!
{
	archiveVersion = 1;
	classes = {
	};
	objectVersion = 55;
	objects = {

/* Begin PBXBuildFile section */
		151BC1E3288882E800B330DF /* Global Variables.swift in Sources */ = {isa = PBXBuildFile; fileRef = 151BC1E2288882E800B330DF /* Global Variables.swift */; };
		151BC1E52888842000B330DF /* Custom Elements.swift in Sources */ = {isa = PBXBuildFile; fileRef = 151BC1E42888842000B330DF /* Custom Elements.swift */; };
		1545E0132888B031004DD491 /* EventType.swift in Sources */ = {isa = PBXBuildFile; fileRef = 1545E0122888B031004DD491 /* EventType.swift */; };
		1545E0152888B056004DD491 /* Location.swift in Sources */ = {isa = PBXBuildFile; fileRef = 1545E0142888B056004DD491 /* Location.swift */; };
		1545E0172888B07C004DD491 /* Day.swift in Sources */ = {isa = PBXBuildFile; fileRef = 1545E0162888B07C004DD491 /* Day.swift */; };
		1545E0192888B0B9004DD491 /* Time.swift in Sources */ = {isa = PBXBuildFile; fileRef = 1545E0182888B0B9004DD491 /* Time.swift */; };
		1545E01B2888B0CD004DD491 /* Duration.swift in Sources */ = {isa = PBXBuildFile; fileRef = 1545E01A2888B0CD004DD491 /* Duration.swift */; };
		1545E01D2889DBB2004DD491 /* VoteResultsViewController.swift in Sources */ = {isa = PBXBuildFile; fileRef = 1545E01C2889DBB2004DD491 /* VoteResultsViewController.swift */; };
		1545E021288F5499004DD491 /* VoteResultsNavigationController.swift in Sources */ = {isa = PBXBuildFile; fileRef = 1545E020288F5499004DD491 /* VoteResultsNavigationController.swift */; };
		156DAE6B287635E600613360 /* LocationsViewController.swift in Sources */ = {isa = PBXBuildFile; fileRef = 156DAE6A287635E600613360 /* LocationsViewController.swift */; };
		156DAE6D2876362000613360 /* StartEventViewController.swift in Sources */ = {isa = PBXBuildFile; fileRef = 156DAE6C2876362000613360 /* StartEventViewController.swift */; };
		156DAE70287637EC00613360 /* DaySelectorViewController.swift in Sources */ = {isa = PBXBuildFile; fileRef = 156DAE6F287637EC00613360 /* DaySelectorViewController.swift */; };
		156DAE722876382C00613360 /* ConfirmViewController.swift in Sources */ = {isa = PBXBuildFile; fileRef = 156DAE712876382C00613360 /* ConfirmViewController.swift */; };
		156DAE7E287CD02900613360 /* Extensions.swift in Sources */ = {isa = PBXBuildFile; fileRef = 156DAE7D287CD02800613360 /* Extensions.swift */; };
		15B44F44285CEC1C0055B51C /* TimeSelectorViewController.swift in Sources */ = {isa = PBXBuildFile; fileRef = 15B44F43285CEC1B0055B51C /* TimeSelectorViewController.swift */; };
		15B44F46285CF98E0055B51C /* InviteViewController.swift in Sources */ = {isa = PBXBuildFile; fileRef = 15B44F45285CF98E0055B51C /* InviteViewController.swift */; };
		15B44F4E2860E3B20055B51C /* Colors.swift in Sources */ = {isa = PBXBuildFile; fileRef = 15B44F4D2860E3B10055B51C /* Colors.swift */; };
		15B5D26A28823625004267E2 /* VoteViewController.swift in Sources */ = {isa = PBXBuildFile; fileRef = 15B5D26928823624004267E2 /* VoteViewController.swift */; };
		15BA66C7284E8C6F00C185CA /* Hive MessagesExtension.appex in Embed App Extensions */ = {isa = PBXBuildFile; fileRef = 15BA66C6284E8C6F00C185CA /* Hive MessagesExtension.appex */; settings = {ATTRIBUTES = (RemoveHeadersOnCopy, ); }; };
		15BA66CC284E8C6F00C185CA /* Messages.framework in Frameworks */ = {isa = PBXBuildFile; fileRef = 15BA66CB284E8C6F00C185CA /* Messages.framework */; };
		15BA66CF284E8C6F00C185CA /* MessagesAppViewController.swift in Sources */ = {isa = PBXBuildFile; fileRef = 15BA66CE284E8C6F00C185CA /* MessagesAppViewController.swift */; };
		15BA66D2284E8C6F00C185CA /* MainInterface.storyboard in Resources */ = {isa = PBXBuildFile; fileRef = 15BA66D0284E8C6F00C185CA /* MainInterface.storyboard */; };
		15BA66D4284E8C7100C185CA /* Assets.xcassets in Resources */ = {isa = PBXBuildFile; fileRef = 15BA66D3284E8C7100C185CA /* Assets.xcassets */; };
		15D5DE662890A3570054A564 /* Format.swift in Sources */ = {isa = PBXBuildFile; fileRef = 15D5DE652890A3570054A564 /* Format.swift */; };
		15D5DE69289455610054A564 /* MessageViewController.swift in Sources */ = {isa = PBXBuildFile; fileRef = 15D5DE68289455610054A564 /* MessageViewController.swift */; };
		15EEE7AB287E3E1500FDAE2B /* Event.swift in Sources */ = {isa = PBXBuildFile; fileRef = 15EEE7AA287E3E1500FDAE2B /* Event.swift */; };
		8793627E286CFEE400C05180 /* PollViewController.swift in Sources */ = {isa = PBXBuildFile; fileRef = 8793627C286CFEE400C05180 /* PollViewController.swift */; };
		CA4E9AA3F3F2E9B70FB1B59D /* libPods-Hive MessagesExtension.a in Frameworks */ = {isa = PBXBuildFile; fileRef = E7A7BBB53B72CCD26BADD5DC /* libPods-Hive MessagesExtension.a */; };
		F8CDEF024AF89E0876B91725 /* libPods-Hive.a in Frameworks */ = {isa = PBXBuildFile; fileRef = 7D43EEC4CA816B9D97B0D7CD /* libPods-Hive.a */; };
/* End PBXBuildFile section */

/* Begin PBXContainerItemProxy section */
		15BA66C8284E8C6F00C185CA /* PBXContainerItemProxy */ = {
			isa = PBXContainerItemProxy;
			containerPortal = 15BA66B7284E8C6800C185CA /* Project object */;
			proxyType = 1;
			remoteGlobalIDString = 15BA66C5284E8C6F00C185CA;
			remoteInfo = "Hive MessagesExtension";
		};
/* End PBXContainerItemProxy section */

/* Begin PBXCopyFilesBuildPhase section */
		15BA66DB284E8C7100C185CA /* Embed App Extensions */ = {
			isa = PBXCopyFilesBuildPhase;
			buildActionMask = 2147483647;
			dstPath = "";
			dstSubfolderSpec = 13;
			files = (
				15BA66C7284E8C6F00C185CA /* Hive MessagesExtension.appex in Embed App Extensions */,
			);
			name = "Embed App Extensions";
			runOnlyForDeploymentPostprocessing = 0;
		};
/* End PBXCopyFilesBuildPhase section */

/* Begin PBXFileReference section */
		151BC1E2288882E800B330DF /* Global Variables.swift */ = {isa = PBXFileReference; lastKnownFileType = sourcecode.swift; path = "Global Variables.swift"; sourceTree = "<group>"; };
		151BC1E42888842000B330DF /* Custom Elements.swift */ = {isa = PBXFileReference; lastKnownFileType = sourcecode.swift; path = "Custom Elements.swift"; sourceTree = "<group>"; };
		1545E0122888B031004DD491 /* EventType.swift */ = {isa = PBXFileReference; lastKnownFileType = sourcecode.swift; path = EventType.swift; sourceTree = "<group>"; };
		1545E0142888B056004DD491 /* Location.swift */ = {isa = PBXFileReference; lastKnownFileType = sourcecode.swift; path = Location.swift; sourceTree = "<group>"; };
		1545E0162888B07C004DD491 /* Day.swift */ = {isa = PBXFileReference; lastKnownFileType = sourcecode.swift; path = Day.swift; sourceTree = "<group>"; };
		1545E0182888B0B9004DD491 /* Time.swift */ = {isa = PBXFileReference; lastKnownFileType = sourcecode.swift; path = Time.swift; sourceTree = "<group>"; };
		1545E01A2888B0CD004DD491 /* Duration.swift */ = {isa = PBXFileReference; lastKnownFileType = sourcecode.swift; path = Duration.swift; sourceTree = "<group>"; };
		1545E01C2889DBB2004DD491 /* VoteResultsViewController.swift */ = {isa = PBXFileReference; lastKnownFileType = sourcecode.swift; name = VoteResultsViewController.swift; path = ../VoteResultsViewController.swift; sourceTree = "<group>"; };
		1545E020288F5499004DD491 /* VoteResultsNavigationController.swift */ = {isa = PBXFileReference; lastKnownFileType = sourcecode.swift; path = VoteResultsNavigationController.swift; sourceTree = "<group>"; };
		156DAE6A287635E600613360 /* LocationsViewController.swift */ = {isa = PBXFileReference; lastKnownFileType = sourcecode.swift; path = LocationsViewController.swift; sourceTree = "<group>"; };
		156DAE6C2876362000613360 /* StartEventViewController.swift */ = {isa = PBXFileReference; lastKnownFileType = sourcecode.swift; path = StartEventViewController.swift; sourceTree = "<group>"; };
		156DAE6F287637EC00613360 /* DaySelectorViewController.swift */ = {isa = PBXFileReference; lastKnownFileType = sourcecode.swift; path = DaySelectorViewController.swift; sourceTree = "<group>"; };
		156DAE712876382C00613360 /* ConfirmViewController.swift */ = {isa = PBXFileReference; lastKnownFileType = sourcecode.swift; path = ConfirmViewController.swift; sourceTree = "<group>"; };
		156DAE7D287CD02800613360 /* Extensions.swift */ = {isa = PBXFileReference; lastKnownFileType = sourcecode.swift; path = Extensions.swift; sourceTree = "<group>"; };
		15B44F43285CEC1B0055B51C /* TimeSelectorViewController.swift */ = {isa = PBXFileReference; lastKnownFileType = sourcecode.swift; path = TimeSelectorViewController.swift; sourceTree = "<group>"; };
		15B44F45285CF98E0055B51C /* InviteViewController.swift */ = {isa = PBXFileReference; lastKnownFileType = sourcecode.swift; path = InviteViewController.swift; sourceTree = "<group>"; };
		15B44F4D2860E3B10055B51C /* Colors.swift */ = {isa = PBXFileReference; lastKnownFileType = sourcecode.swift; path = Colors.swift; sourceTree = "<group>"; };
		15B5D26928823624004267E2 /* VoteViewController.swift */ = {isa = PBXFileReference; fileEncoding = 4; lastKnownFileType = sourcecode.swift; name = VoteViewController.swift; path = "Hive MessagesExtension/View Controllers/VoteViewController.swift"; sourceTree = SOURCE_ROOT; };
		15BA66BD284E8C6800C185CA /* Bzzy.app */ = {isa = PBXFileReference; explicitFileType = wrapper.application; includeInIndex = 0; path = Bzzy.app; sourceTree = BUILT_PRODUCTS_DIR; };
		15BA66C6284E8C6F00C185CA /* Hive MessagesExtension.appex */ = {isa = PBXFileReference; explicitFileType = "wrapper.app-extension"; includeInIndex = 0; path = "Hive MessagesExtension.appex"; sourceTree = BUILT_PRODUCTS_DIR; };
		15BA66CB284E8C6F00C185CA /* Messages.framework */ = {isa = PBXFileReference; lastKnownFileType = wrapper.framework; name = Messages.framework; path = System/Library/Frameworks/Messages.framework; sourceTree = SDKROOT; };
		15BA66CE284E8C6F00C185CA /* MessagesAppViewController.swift */ = {isa = PBXFileReference; lastKnownFileType = sourcecode.swift; path = MessagesAppViewController.swift; sourceTree = "<group>"; };
		15BA66D1284E8C6F00C185CA /* Base */ = {isa = PBXFileReference; lastKnownFileType = file.storyboard; name = Base; path = Base.lproj/MainInterface.storyboard; sourceTree = "<group>"; };
		15BA66D3284E8C7100C185CA /* Assets.xcassets */ = {isa = PBXFileReference; lastKnownFileType = folder.assetcatalog; path = Assets.xcassets; sourceTree = "<group>"; };
		15BA66D5284E8C7100C185CA /* Info.plist */ = {isa = PBXFileReference; lastKnownFileType = text.plist.xml; path = Info.plist; sourceTree = "<group>"; };
		15D5DE652890A3570054A564 /* Format.swift */ = {isa = PBXFileReference; lastKnownFileType = sourcecode.swift; path = Format.swift; sourceTree = "<group>"; };
		15D5DE68289455610054A564 /* MessageViewController.swift */ = {isa = PBXFileReference; lastKnownFileType = sourcecode.swift; path = MessageViewController.swift; sourceTree = "<group>"; };
		15EEE7AA287E3E1500FDAE2B /* Event.swift */ = {isa = PBXFileReference; lastKnownFileType = sourcecode.swift; path = Event.swift; sourceTree = "<group>"; };
		3FC8F2BD88B64705CDC5E6B1 /* Pods-Hive MessagesExtension.release.xcconfig */ = {isa = PBXFileReference; includeInIndex = 1; lastKnownFileType = text.xcconfig; name = "Pods-Hive MessagesExtension.release.xcconfig"; path = "Target Support Files/Pods-Hive MessagesExtension/Pods-Hive MessagesExtension.release.xcconfig"; sourceTree = "<group>"; };
		56C20084B43A4E48868174A9 /* Pods-Hive.release.xcconfig */ = {isa = PBXFileReference; includeInIndex = 1; lastKnownFileType = text.xcconfig; name = "Pods-Hive.release.xcconfig"; path = "Target Support Files/Pods-Hive/Pods-Hive.release.xcconfig"; sourceTree = "<group>"; };
		7D43EEC4CA816B9D97B0D7CD /* libPods-Hive.a */ = {isa = PBXFileReference; explicitFileType = archive.ar; includeInIndex = 0; path = "libPods-Hive.a"; sourceTree = BUILT_PRODUCTS_DIR; };
		8793627C286CFEE400C05180 /* PollViewController.swift */ = {isa = PBXFileReference; fileEncoding = 4; lastKnownFileType = sourcecode.swift; path = PollViewController.swift; sourceTree = "<group>"; };
		A461ADED5559EC7E5110A076 /* Pods-Hive.debug.xcconfig */ = {isa = PBXFileReference; includeInIndex = 1; lastKnownFileType = text.xcconfig; name = "Pods-Hive.debug.xcconfig"; path = "Target Support Files/Pods-Hive/Pods-Hive.debug.xcconfig"; sourceTree = "<group>"; };
		C3C83F8103D77ECEEF1A0B21 /* Pods-Hive MessagesExtension.debug.xcconfig */ = {isa = PBXFileReference; includeInIndex = 1; lastKnownFileType = text.xcconfig; name = "Pods-Hive MessagesExtension.debug.xcconfig"; path = "Target Support Files/Pods-Hive MessagesExtension/Pods-Hive MessagesExtension.debug.xcconfig"; sourceTree = "<group>"; };
		E7A7BBB53B72CCD26BADD5DC /* libPods-Hive MessagesExtension.a */ = {isa = PBXFileReference; explicitFileType = archive.ar; includeInIndex = 0; path = "libPods-Hive MessagesExtension.a"; sourceTree = BUILT_PRODUCTS_DIR; };
/* End PBXFileReference section */

/* Begin PBXFrameworksBuildPhase section */
		15BA66C3284E8C6F00C185CA /* Frameworks */ = {
			isa = PBXFrameworksBuildPhase;
			buildActionMask = 2147483647;
			files = (
				15BA66CC284E8C6F00C185CA /* Messages.framework in Frameworks */,
				CA4E9AA3F3F2E9B70FB1B59D /* libPods-Hive MessagesExtension.a in Frameworks */,
			);
			runOnlyForDeploymentPostprocessing = 0;
		};
		8ABE413249D1A73C0C56106B /* Frameworks */ = {
			isa = PBXFrameworksBuildPhase;
			buildActionMask = 2147483647;
			files = (
				F8CDEF024AF89E0876B91725 /* libPods-Hive.a in Frameworks */,
			);
			runOnlyForDeploymentPostprocessing = 0;
		};
/* End PBXFrameworksBuildPhase section */

/* Begin PBXGroup section */
		1545E0112888B016004DD491 /* Event Structs */ = {
			isa = PBXGroup;
			children = (
				15EEE7AA287E3E1500FDAE2B /* Event.swift */,
				1545E0122888B031004DD491 /* EventType.swift */,
				1545E0142888B056004DD491 /* Location.swift */,
				1545E0162888B07C004DD491 /* Day.swift */,
				1545E0182888B0B9004DD491 /* Time.swift */,
				1545E01A2888B0CD004DD491 /* Duration.swift */,
			);
			path = "Event Structs";
			sourceTree = "<group>";
		};
		156DAE652876348D00613360 /*  Event Creation VCs */ = {
			isa = PBXGroup;
			children = (
				156DAE6C2876362000613360 /* StartEventViewController.swift */,
				156DAE6A287635E600613360 /* LocationsViewController.swift */,
				156DAE6F287637EC00613360 /* DaySelectorViewController.swift */,
				15B44F43285CEC1B0055B51C /* TimeSelectorViewController.swift */,
			);
			path = " Event Creation VCs";
			sourceTree = "<group>";
		};
		15B44F4F2860E3DA0055B51C /* View Controllers */ = {
			isa = PBXGroup;
			children = (
				15BA66CE284E8C6F00C185CA /* MessagesAppViewController.swift */,
				15D5DE68289455610054A564 /* MessageViewController.swift */,
				156DAE652876348D00613360 /*  Event Creation VCs */,
				156DAE712876382C00613360 /* ConfirmViewController.swift */,
				15B5D26928823624004267E2 /* VoteViewController.swift */,
				1545E020288F5499004DD491 /* VoteResultsNavigationController.swift */,
				1545E01C2889DBB2004DD491 /* VoteResultsViewController.swift */,
				15B44F45285CF98E0055B51C /* InviteViewController.swift */,
				8793627C286CFEE400C05180 /* PollViewController.swift */,
			);
			path = "View Controllers";
			sourceTree = "<group>";
		};
		15BA66B6284E8C6800C185CA = {
			isa = PBXGroup;
			children = (
				15BA66BF284E8C6800C185CA /* Hive */,
				15BA66CD284E8C6F00C185CA /* Hive MessagesExtension */,
				15BA66CA284E8C6F00C185CA /* Frameworks */,
				15BA66BE284E8C6800C185CA /* Products */,
				17301F5548E8D10EDB94D524 /* Pods */,
			);
			sourceTree = "<group>";
		};
		15BA66BE284E8C6800C185CA /* Products */ = {
			isa = PBXGroup;
			children = (
				15BA66BD284E8C6800C185CA /* Bzzy.app */,
				15BA66C6284E8C6F00C185CA /* Hive MessagesExtension.appex */,
			);
			name = Products;
			sourceTree = "<group>";
		};
		15BA66BF284E8C6800C185CA /* Hive */ = {
			isa = PBXGroup;
			children = (
			);
			path = Hive;
			sourceTree = "<group>";
		};
		15BA66CA284E8C6F00C185CA /* Frameworks */ = {
			isa = PBXGroup;
			children = (
				15BA66CB284E8C6F00C185CA /* Messages.framework */,
				7D43EEC4CA816B9D97B0D7CD /* libPods-Hive.a */,
				E7A7BBB53B72CCD26BADD5DC /* libPods-Hive MessagesExtension.a */,
			);
			name = Frameworks;
			sourceTree = "<group>";
		};
		15BA66CD284E8C6F00C185CA /* Hive MessagesExtension */ = {
			isa = PBXGroup;
			children = (
				15D5DE672890A3710054A564 /* Style */,
				151BC1E2288882E800B330DF /* Global Variables.swift */,
				151BC1E42888842000B330DF /* Custom Elements.swift */,
				156DAE7D287CD02800613360 /* Extensions.swift */,
				1545E0112888B016004DD491 /* Event Structs */,
				15B44F4F2860E3DA0055B51C /* View Controllers */,
				15BA66D0284E8C6F00C185CA /* MainInterface.storyboard */,
				15BA66D3284E8C7100C185CA /* Assets.xcassets */,
				15BA66D5284E8C7100C185CA /* Info.plist */,
			);
			path = "Hive MessagesExtension";
			sourceTree = "<group>";
		};
		15D5DE672890A3710054A564 /* Style */ = {
			isa = PBXGroup;
			children = (
				15D5DE652890A3570054A564 /* Format.swift */,
				15B44F4D2860E3B10055B51C /* Colors.swift */,
			);
			path = Style;
			sourceTree = "<group>";
		};
		17301F5548E8D10EDB94D524 /* Pods */ = {
			isa = PBXGroup;
			children = (
				A461ADED5559EC7E5110A076 /* Pods-Hive.debug.xcconfig */,
				56C20084B43A4E48868174A9 /* Pods-Hive.release.xcconfig */,
				C3C83F8103D77ECEEF1A0B21 /* Pods-Hive MessagesExtension.debug.xcconfig */,
				3FC8F2BD88B64705CDC5E6B1 /* Pods-Hive MessagesExtension.release.xcconfig */,
			);
			path = Pods;
			sourceTree = "<group>";
		};
/* End PBXGroup section */

/* Begin PBXNativeTarget section */
		15BA66BC284E8C6800C185CA /* Hive */ = {
			isa = PBXNativeTarget;
			buildConfigurationList = 15BA66DC284E8C7100C185CA /* Build configuration list for PBXNativeTarget "Hive" */;
			buildPhases = (
				4087EDC862E8C91E68A80C88 /* [CP] Check Pods Manifest.lock */,
				15BA66BB284E8C6800C185CA /* Resources */,
				15BA66DB284E8C7100C185CA /* Embed App Extensions */,
				8ABE413249D1A73C0C56106B /* Frameworks */,
			);
			buildRules = (
			);
			dependencies = (
				15BA66C9284E8C6F00C185CA /* PBXTargetDependency */,
			);
			name = Hive;
			productName = Hive;
			productReference = 15BA66BD284E8C6800C185CA /* Bzzy.app */;
			productType = "com.apple.product-type.application.messages";
		};
		15BA66C5284E8C6F00C185CA /* Hive MessagesExtension */ = {
			isa = PBXNativeTarget;
			buildConfigurationList = 15BA66D8284E8C7100C185CA /* Build configuration list for PBXNativeTarget "Hive MessagesExtension" */;
			buildPhases = (
				0E154A546A8A2CA800B78D7D /* [CP] Check Pods Manifest.lock */,
				15BA66C2284E8C6F00C185CA /* Sources */,
				15BA66C3284E8C6F00C185CA /* Frameworks */,
				15BA66C4284E8C6F00C185CA /* Resources */,
				84B88237AA623896759FBA33 /* [CP] Copy Pods Resources */,
			);
			buildRules = (
			);
			dependencies = (
			);
			name = "Hive MessagesExtension";
			productName = "Hive MessagesExtension";
			productReference = 15BA66C6284E8C6F00C185CA /* Hive MessagesExtension.appex */;
			productType = "com.apple.product-type.app-extension.messages";
		};
/* End PBXNativeTarget section */

/* Begin PBXProject section */
		15BA66B7284E8C6800C185CA /* Project object */ = {
			isa = PBXProject;
			attributes = {
				BuildIndependentTargetsInParallel = 1;
				LastSwiftUpdateCheck = 1340;
				LastUpgradeCheck = 1340;
				TargetAttributes = {
					15BA66BC284E8C6800C185CA = {
						CreatedOnToolsVersion = 13.4;
					};
					15BA66C5284E8C6F00C185CA = {
						CreatedOnToolsVersion = 13.4;
					};
				};
			};
			buildConfigurationList = 15BA66BA284E8C6800C185CA /* Build configuration list for PBXProject "Hive" */;
			compatibilityVersion = "Xcode 13.0";
			developmentRegion = en;
			hasScannedForEncodings = 0;
			knownRegions = (
				en,
				Base,
			);
			mainGroup = 15BA66B6284E8C6800C185CA;
			productRefGroup = 15BA66BE284E8C6800C185CA /* Products */;
			projectDirPath = "";
			projectRoot = "";
			targets = (
				15BA66BC284E8C6800C185CA /* Hive */,
				15BA66C5284E8C6F00C185CA /* Hive MessagesExtension */,
			);
		};
/* End PBXProject section */

/* Begin PBXResourcesBuildPhase section */
		15BA66BB284E8C6800C185CA /* Resources */ = {
			isa = PBXResourcesBuildPhase;
			buildActionMask = 2147483647;
			files = (
			);
			runOnlyForDeploymentPostprocessing = 0;
		};
		15BA66C4284E8C6F00C185CA /* Resources */ = {
			isa = PBXResourcesBuildPhase;
			buildActionMask = 2147483647;
			files = (
				15BA66D4284E8C7100C185CA /* Assets.xcassets in Resources */,
				15BA66D2284E8C6F00C185CA /* MainInterface.storyboard in Resources */,
			);
			runOnlyForDeploymentPostprocessing = 0;
		};
/* End PBXResourcesBuildPhase section */

/* Begin PBXShellScriptBuildPhase section */
		0E154A546A8A2CA800B78D7D /* [CP] Check Pods Manifest.lock */ = {
			isa = PBXShellScriptBuildPhase;
			buildActionMask = 2147483647;
			files = (
			);
			inputFileListPaths = (
			);
			inputPaths = (
				"${PODS_PODFILE_DIR_PATH}/Podfile.lock",
				"${PODS_ROOT}/Manifest.lock",
			);
			name = "[CP] Check Pods Manifest.lock";
			outputFileListPaths = (
			);
			outputPaths = (
				"$(DERIVED_FILE_DIR)/Pods-Hive MessagesExtension-checkManifestLockResult.txt",
			);
			runOnlyForDeploymentPostprocessing = 0;
			shellPath = /bin/sh;
			shellScript = "diff \"${PODS_PODFILE_DIR_PATH}/Podfile.lock\" \"${PODS_ROOT}/Manifest.lock\" > /dev/null\nif [ $? != 0 ] ; then\n    # print error to STDERR\n    echo \"error: The sandbox is not in sync with the Podfile.lock. Run 'pod install' or update your CocoaPods installation.\" >&2\n    exit 1\nfi\n# This output is used by Xcode 'outputs' to avoid re-running this script phase.\necho \"SUCCESS\" > \"${SCRIPT_OUTPUT_FILE_0}\"\n";
			showEnvVarsInLog = 0;
		};
		4087EDC862E8C91E68A80C88 /* [CP] Check Pods Manifest.lock */ = {
			isa = PBXShellScriptBuildPhase;
			buildActionMask = 2147483647;
			files = (
			);
			inputFileListPaths = (
			);
			inputPaths = (
				"${PODS_PODFILE_DIR_PATH}/Podfile.lock",
				"${PODS_ROOT}/Manifest.lock",
			);
			name = "[CP] Check Pods Manifest.lock";
			outputFileListPaths = (
			);
			outputPaths = (
				"$(DERIVED_FILE_DIR)/Pods-Hive-checkManifestLockResult.txt",
			);
			runOnlyForDeploymentPostprocessing = 0;
			shellPath = /bin/sh;
			shellScript = "diff \"${PODS_PODFILE_DIR_PATH}/Podfile.lock\" \"${PODS_ROOT}/Manifest.lock\" > /dev/null\nif [ $? != 0 ] ; then\n    # print error to STDERR\n    echo \"error: The sandbox is not in sync with the Podfile.lock. Run 'pod install' or update your CocoaPods installation.\" >&2\n    exit 1\nfi\n# This output is used by Xcode 'outputs' to avoid re-running this script phase.\necho \"SUCCESS\" > \"${SCRIPT_OUTPUT_FILE_0}\"\n";
			showEnvVarsInLog = 0;
		};
		84B88237AA623896759FBA33 /* [CP] Copy Pods Resources */ = {
			isa = PBXShellScriptBuildPhase;
			buildActionMask = 2147483647;
			files = (
			);
			inputFileListPaths = (
				"${PODS_ROOT}/Target Support Files/Pods-Hive MessagesExtension/Pods-Hive MessagesExtension-resources-${CONFIGURATION}-input-files.xcfilelist",
			);
			name = "[CP] Copy Pods Resources";
			outputFileListPaths = (
				"${PODS_ROOT}/Target Support Files/Pods-Hive MessagesExtension/Pods-Hive MessagesExtension-resources-${CONFIGURATION}-output-files.xcfilelist",
			);
			runOnlyForDeploymentPostprocessing = 0;
			shellPath = /bin/sh;
			shellScript = "\"${PODS_ROOT}/Target Support Files/Pods-Hive MessagesExtension/Pods-Hive MessagesExtension-resources.sh\"\n";
			showEnvVarsInLog = 0;
		};
/* End PBXShellScriptBuildPhase section */

/* Begin PBXSourcesBuildPhase section */
		15BA66C2284E8C6F00C185CA /* Sources */ = {
			isa = PBXSourcesBuildPhase;
			buildActionMask = 2147483647;
			files = (
				8793627E286CFEE400C05180 /* PollViewController.swift in Sources */,
				1545E0132888B031004DD491 /* EventType.swift in Sources */,
				1545E0152888B056004DD491 /* Location.swift in Sources */,
				151BC1E3288882E800B330DF /* Global Variables.swift in Sources */,
				15D5DE662890A3570054A564 /* Format.swift in Sources */,
				15EEE7AB287E3E1500FDAE2B /* Event.swift in Sources */,
				156DAE722876382C00613360 /* ConfirmViewController.swift in Sources */,
				1545E0192888B0B9004DD491 /* Time.swift in Sources */,
				15B44F4E2860E3B20055B51C /* Colors.swift in Sources */,
				156DAE6B287635E600613360 /* LocationsViewController.swift in Sources */,
				15D5DE69289455610054A564 /* MessageViewController.swift in Sources */,
				151BC1E52888842000B330DF /* Custom Elements.swift in Sources */,
				15B44F46285CF98E0055B51C /* InviteViewController.swift in Sources */,
				15BA66CF284E8C6F00C185CA /* MessagesAppViewController.swift in Sources */,
				1545E0172888B07C004DD491 /* Day.swift in Sources */,
				156DAE70287637EC00613360 /* DaySelectorViewController.swift in Sources */,
				1545E01D2889DBB2004DD491 /* VoteResultsViewController.swift in Sources */,
				1545E021288F5499004DD491 /* VoteResultsNavigationController.swift in Sources */,
				15B44F44285CEC1C0055B51C /* TimeSelectorViewController.swift in Sources */,
				15B5D26A28823625004267E2 /* VoteViewController.swift in Sources */,
				156DAE6D2876362000613360 /* StartEventViewController.swift in Sources */,
				156DAE7E287CD02900613360 /* Extensions.swift in Sources */,
				1545E01B2888B0CD004DD491 /* Duration.swift in Sources */,
			);
			runOnlyForDeploymentPostprocessing = 0;
		};
/* End PBXSourcesBuildPhase section */

/* Begin PBXTargetDependency section */
		15BA66C9284E8C6F00C185CA /* PBXTargetDependency */ = {
			isa = PBXTargetDependency;
			target = 15BA66C5284E8C6F00C185CA /* Hive MessagesExtension */;
			targetProxy = 15BA66C8284E8C6F00C185CA /* PBXContainerItemProxy */;
		};
/* End PBXTargetDependency section */

/* Begin PBXVariantGroup section */
		15BA66D0284E8C6F00C185CA /* MainInterface.storyboard */ = {
			isa = PBXVariantGroup;
			children = (
				15BA66D1284E8C6F00C185CA /* Base */,
			);
			name = MainInterface.storyboard;
			sourceTree = "<group>";
		};
/* End PBXVariantGroup section */

/* Begin XCBuildConfiguration section */
		15BA66D6284E8C7100C185CA /* Debug */ = {
			isa = XCBuildConfiguration;
			buildSettings = {
				ALWAYS_SEARCH_USER_PATHS = NO;
				CLANG_ANALYZER_NONNULL = YES;
				CLANG_ANALYZER_NUMBER_OBJECT_CONVERSION = YES_AGGRESSIVE;
				CLANG_CXX_LANGUAGE_STANDARD = "gnu++17";
				CLANG_ENABLE_MODULES = YES;
				CLANG_ENABLE_OBJC_ARC = YES;
				CLANG_ENABLE_OBJC_WEAK = YES;
				CLANG_WARN_BLOCK_CAPTURE_AUTORELEASING = YES;
				CLANG_WARN_BOOL_CONVERSION = YES;
				CLANG_WARN_COMMA = YES;
				CLANG_WARN_CONSTANT_CONVERSION = YES;
				CLANG_WARN_DEPRECATED_OBJC_IMPLEMENTATIONS = YES;
				CLANG_WARN_DIRECT_OBJC_ISA_USAGE = YES_ERROR;
				CLANG_WARN_DOCUMENTATION_COMMENTS = YES;
				CLANG_WARN_EMPTY_BODY = YES;
				CLANG_WARN_ENUM_CONVERSION = YES;
				CLANG_WARN_INFINITE_RECURSION = YES;
				CLANG_WARN_INT_CONVERSION = YES;
				CLANG_WARN_NON_LITERAL_NULL_CONVERSION = YES;
				CLANG_WARN_OBJC_IMPLICIT_RETAIN_SELF = YES;
				CLANG_WARN_OBJC_LITERAL_CONVERSION = YES;
				CLANG_WARN_OBJC_ROOT_CLASS = YES_ERROR;
				CLANG_WARN_QUOTED_INCLUDE_IN_FRAMEWORK_HEADER = YES;
				CLANG_WARN_RANGE_LOOP_ANALYSIS = YES;
				CLANG_WARN_STRICT_PROTOTYPES = YES;
				CLANG_WARN_SUSPICIOUS_MOVE = YES;
				CLANG_WARN_UNGUARDED_AVAILABILITY = YES_AGGRESSIVE;
				CLANG_WARN_UNREACHABLE_CODE = YES;
				CLANG_WARN__DUPLICATE_METHOD_MATCH = YES;
				COPY_PHASE_STRIP = NO;
				DEBUG_INFORMATION_FORMAT = dwarf;
				ENABLE_STRICT_OBJC_MSGSEND = YES;
				ENABLE_TESTABILITY = YES;
				GCC_C_LANGUAGE_STANDARD = gnu11;
				GCC_DYNAMIC_NO_PIC = NO;
				GCC_NO_COMMON_BLOCKS = YES;
				GCC_OPTIMIZATION_LEVEL = 0;
				GCC_PREPROCESSOR_DEFINITIONS = (
					"DEBUG=1",
					"$(inherited)",
				);
				GCC_WARN_64_TO_32_BIT_CONVERSION = YES;
				GCC_WARN_ABOUT_RETURN_TYPE = YES_ERROR;
				GCC_WARN_UNDECLARED_SELECTOR = YES;
				GCC_WARN_UNINITIALIZED_AUTOS = YES_AGGRESSIVE;
				GCC_WARN_UNUSED_FUNCTION = YES;
				GCC_WARN_UNUSED_VARIABLE = YES;
				IPHONEOS_DEPLOYMENT_TARGET = 15.5;
				MTL_ENABLE_DEBUG_INFO = INCLUDE_SOURCE;
				MTL_FAST_MATH = YES;
				ONLY_ACTIVE_ARCH = YES;
				SDKROOT = iphoneos;
				SWIFT_ACTIVE_COMPILATION_CONDITIONS = DEBUG;
				SWIFT_OPTIMIZATION_LEVEL = "-Onone";
			};
			name = Debug;
		};
		15BA66D7284E8C7100C185CA /* Release */ = {
			isa = XCBuildConfiguration;
			buildSettings = {
				ALWAYS_SEARCH_USER_PATHS = NO;
				CLANG_ANALYZER_NONNULL = YES;
				CLANG_ANALYZER_NUMBER_OBJECT_CONVERSION = YES_AGGRESSIVE;
				CLANG_CXX_LANGUAGE_STANDARD = "gnu++17";
				CLANG_ENABLE_MODULES = YES;
				CLANG_ENABLE_OBJC_ARC = YES;
				CLANG_ENABLE_OBJC_WEAK = YES;
				CLANG_WARN_BLOCK_CAPTURE_AUTORELEASING = YES;
				CLANG_WARN_BOOL_CONVERSION = YES;
				CLANG_WARN_COMMA = YES;
				CLANG_WARN_CONSTANT_CONVERSION = YES;
				CLANG_WARN_DEPRECATED_OBJC_IMPLEMENTATIONS = YES;
				CLANG_WARN_DIRECT_OBJC_ISA_USAGE = YES_ERROR;
				CLANG_WARN_DOCUMENTATION_COMMENTS = YES;
				CLANG_WARN_EMPTY_BODY = YES;
				CLANG_WARN_ENUM_CONVERSION = YES;
				CLANG_WARN_INFINITE_RECURSION = YES;
				CLANG_WARN_INT_CONVERSION = YES;
				CLANG_WARN_NON_LITERAL_NULL_CONVERSION = YES;
				CLANG_WARN_OBJC_IMPLICIT_RETAIN_SELF = YES;
				CLANG_WARN_OBJC_LITERAL_CONVERSION = YES;
				CLANG_WARN_OBJC_ROOT_CLASS = YES_ERROR;
				CLANG_WARN_QUOTED_INCLUDE_IN_FRAMEWORK_HEADER = YES;
				CLANG_WARN_RANGE_LOOP_ANALYSIS = YES;
				CLANG_WARN_STRICT_PROTOTYPES = YES;
				CLANG_WARN_SUSPICIOUS_MOVE = YES;
				CLANG_WARN_UNGUARDED_AVAILABILITY = YES_AGGRESSIVE;
				CLANG_WARN_UNREACHABLE_CODE = YES;
				CLANG_WARN__DUPLICATE_METHOD_MATCH = YES;
				COPY_PHASE_STRIP = NO;
				DEBUG_INFORMATION_FORMAT = "dwarf-with-dsym";
				ENABLE_NS_ASSERTIONS = NO;
				ENABLE_STRICT_OBJC_MSGSEND = YES;
				GCC_C_LANGUAGE_STANDARD = gnu11;
				GCC_NO_COMMON_BLOCKS = YES;
				GCC_WARN_64_TO_32_BIT_CONVERSION = YES;
				GCC_WARN_ABOUT_RETURN_TYPE = YES_ERROR;
				GCC_WARN_UNDECLARED_SELECTOR = YES;
				GCC_WARN_UNINITIALIZED_AUTOS = YES_AGGRESSIVE;
				GCC_WARN_UNUSED_FUNCTION = YES;
				GCC_WARN_UNUSED_VARIABLE = YES;
				IPHONEOS_DEPLOYMENT_TARGET = 15.5;
				MTL_ENABLE_DEBUG_INFO = NO;
				MTL_FAST_MATH = YES;
				SDKROOT = iphoneos;
				SWIFT_COMPILATION_MODE = wholemodule;
				SWIFT_OPTIMIZATION_LEVEL = "-O";
				VALIDATE_PRODUCT = YES;
			};
			name = Release;
		};
		15BA66D9284E8C7100C185CA /* Debug */ = {
			isa = XCBuildConfiguration;
			baseConfigurationReference = C3C83F8103D77ECEEF1A0B21 /* Pods-Hive MessagesExtension.debug.xcconfig */;
			buildSettings = {
				ASSETCATALOG_COMPILER_APPICON_NAME = "iMessage App Icon";
				CODE_SIGN_STYLE = Automatic;
				CURRENT_PROJECT_VERSION = 1;
				DEVELOPMENT_TEAM = 67DVSTRL6F;
				GENERATE_INFOPLIST_FILE = YES;
				INFOPLIST_FILE = "Hive MessagesExtension/Info.plist";
				INFOPLIST_KEY_CFBundleDisplayName = Bzzy;
				INFOPLIST_KEY_NSHumanReadableCopyright = "";
				LD_RUNPATH_SEARCH_PATHS = (
					"$(inherited)",
					"@executable_path/Frameworks",
					"@executable_path/../../Frameworks",
				);
				MARKETING_VERSION = 1.0;
				PRODUCT_BUNDLE_IDENTIFIER = com.JudeAndJack.Hive.MessagesExtension;
				PRODUCT_NAME = "$(TARGET_NAME)";
				SKIP_INSTALL = YES;
				SWIFT_EMIT_LOC_STRINGS = YES;
				SWIFT_VERSION = 5.0;
				TARGETED_DEVICE_FAMILY = 1;
			};
			name = Debug;
		};
		15BA66DA284E8C7100C185CA /* Release */ = {
			isa = XCBuildConfiguration;
			baseConfigurationReference = 3FC8F2BD88B64705CDC5E6B1 /* Pods-Hive MessagesExtension.release.xcconfig */;
			buildSettings = {
				ASSETCATALOG_COMPILER_APPICON_NAME = "iMessage App Icon";
				CODE_SIGN_STYLE = Automatic;
				CURRENT_PROJECT_VERSION = 1;
				DEVELOPMENT_TEAM = 67DVSTRL6F;
				GENERATE_INFOPLIST_FILE = YES;
				INFOPLIST_FILE = "Hive MessagesExtension/Info.plist";
				INFOPLIST_KEY_CFBundleDisplayName = Bzzy;
				INFOPLIST_KEY_NSHumanReadableCopyright = "";
				LD_RUNPATH_SEARCH_PATHS = (
					"$(inherited)",
					"@executable_path/Frameworks",
					"@executable_path/../../Frameworks",
				);
				MARKETING_VERSION = 1.0;
				PRODUCT_BUNDLE_IDENTIFIER = com.JudeAndJack.Hive.MessagesExtension;
				PRODUCT_NAME = "$(TARGET_NAME)";
				SKIP_INSTALL = YES;
				SWIFT_EMIT_LOC_STRINGS = YES;
				SWIFT_VERSION = 5.0;
				TARGETED_DEVICE_FAMILY = 1;
			};
			name = Release;
		};
		15BA66DD284E8C7100C185CA /* Debug */ = {
			isa = XCBuildConfiguration;
			baseConfigurationReference = A461ADED5559EC7E5110A076 /* Pods-Hive.debug.xcconfig */;
			buildSettings = {
				ALWAYS_EMBED_SWIFT_STANDARD_LIBRARIES = YES;
				ASSETCATALOG_COMPILER_APPICON_NAME = AppIcon;
				ASSETCATALOG_COMPILER_INCLUDE_ALL_APPICON_ASSETS = YES;
				CODE_SIGN_STYLE = Automatic;
				CURRENT_PROJECT_VERSION = 1;
				DEVELOPMENT_TEAM = 67DVSTRL6F;
				GENERATE_INFOPLIST_FILE = YES;
				INFOPLIST_KEY_UILaunchStoryboardName = LaunchScreen;
				INFOPLIST_KEY_UISupportedInterfaceOrientations_iPad = "UIInterfaceOrientationPortrait UIInterfaceOrientationPortraitUpsideDown UIInterfaceOrientationLandscapeLeft UIInterfaceOrientationLandscapeRight";
				INFOPLIST_KEY_UISupportedInterfaceOrientations_iPhone = "UIInterfaceOrientationPortrait UIInterfaceOrientationLandscapeLeft UIInterfaceOrientationLandscapeRight";
				MARKETING_VERSION = 1.0;
				PRODUCT_BUNDLE_IDENTIFIER = com.JudeAndJack.Hive;
				PRODUCT_NAME = Bzzy;
				SWIFT_EMIT_LOC_STRINGS = YES;
				SWIFT_VERSION = 5.0;
				TARGETED_DEVICE_FAMILY = "1,2";
			};
			name = Debug;
		};
		15BA66DE284E8C7100C185CA /* Release */ = {
			isa = XCBuildConfiguration;
			baseConfigurationReference = 56C20084B43A4E48868174A9 /* Pods-Hive.release.xcconfig */;
			buildSettings = {
				ALWAYS_EMBED_SWIFT_STANDARD_LIBRARIES = YES;
				ASSETCATALOG_COMPILER_APPICON_NAME = AppIcon;
				ASSETCATALOG_COMPILER_INCLUDE_ALL_APPICON_ASSETS = YES;
				CODE_SIGN_STYLE = Automatic;
				CURRENT_PROJECT_VERSION = 1;
				DEVELOPMENT_TEAM = 67DVSTRL6F;
				GENERATE_INFOPLIST_FILE = YES;
				INFOPLIST_KEY_UILaunchStoryboardName = LaunchScreen;
				INFOPLIST_KEY_UISupportedInterfaceOrientations_iPad = "UIInterfaceOrientationPortrait UIInterfaceOrientationPortraitUpsideDown UIInterfaceOrientationLandscapeLeft UIInterfaceOrientationLandscapeRight";
				INFOPLIST_KEY_UISupportedInterfaceOrientations_iPhone = "UIInterfaceOrientationPortrait UIInterfaceOrientationLandscapeLeft UIInterfaceOrientationLandscapeRight";
				MARKETING_VERSION = 1.0;
				PRODUCT_BUNDLE_IDENTIFIER = com.JudeAndJack.Hive;
				PRODUCT_NAME = Bzzy;
				SWIFT_EMIT_LOC_STRINGS = YES;
				SWIFT_VERSION = 5.0;
				TARGETED_DEVICE_FAMILY = "1,2";
			};
			name = Release;
		};
/* End XCBuildConfiguration section */

/* Begin XCConfigurationList section */
		15BA66BA284E8C6800C185CA /* Build configuration list for PBXProject "Hive" */ = {
			isa = XCConfigurationList;
			buildConfigurations = (
				15BA66D6284E8C7100C185CA /* Debug */,
				15BA66D7284E8C7100C185CA /* Release */,
			);
			defaultConfigurationIsVisible = 0;
			defaultConfigurationName = Release;
		};
		15BA66D8284E8C7100C185CA /* Build configuration list for PBXNativeTarget "Hive MessagesExtension" */ = {
			isa = XCConfigurationList;
			buildConfigurations = (
				15BA66D9284E8C7100C185CA /* Debug */,
				15BA66DA284E8C7100C185CA /* Release */,
			);
			defaultConfigurationIsVisible = 0;
			defaultConfigurationName = Release;
		};
		15BA66DC284E8C7100C185CA /* Build configuration list for PBXNativeTarget "Hive" */ = {
			isa = XCConfigurationList;
			buildConfigurations = (
				15BA66DD284E8C7100C185CA /* Debug */,
				15BA66DE284E8C7100C185CA /* Release */,
			);
			defaultConfigurationIsVisible = 0;
			defaultConfigurationName = Release;
		};
/* End XCConfigurationList section */
	};
	rootObject = 15BA66B7284E8C6800C185CA /* Project object */;
}
